
Microsoft Visual Studio Solution File, Format Version 12.00
# Visual Studio Version 16
VisualStudioVersion = 16.0.30711.63
MinimumVisualStudioVersion = 10.0.40219.1
Project("{FAE04EC0-301F-11D3-BF4B-00C04F79EFBC}") = "SV.Application", "src\SV.Application\SV.Application.csproj", "{B84EA110-A4C2-4AF4-9D0E-CEB528FDE6AD}"
EndProject
Project("{FAE04EC0-301F-11D3-BF4B-00C04F79EFBC}") = "SV.Data", "src\SV.Data\SV.Data.csproj", "{7FD54EA6-557A-40C6-A625-4CBE198D6639}"
EndProject
Project("{FAE04EC0-301F-11D3-BF4B-00C04F79EFBC}") = "SV.Core", "src\SV.Core\SV.Core.csproj", "{642BE5AF-FAEB-4D23-BA6D-66EB8E2C324E}"
EndProject
Project("{FAE04EC0-301F-11D3-BF4B-00C04F79EFBC}") = "SV.UI", "src\SV.UI\SV.UI.csproj", "{254AE34D-8946-4861-8149-447CDF646773}"
EndProject
Project("{FAE04EC0-301F-11D3-BF4B-00C04F79EFBC}") = "SV.IoC", "src\SV.IoC\SV.IoC.csproj", "{13CE64AB-601A-4F20-9938-DB570F877494}"
EndProject
Global
	GlobalSection(SolutionConfigurationPlatforms) = preSolution
		Debug|Any CPU = Debug|Any CPU
		Release|Any CPU = Release|Any CPU
	EndGlobalSection
	GlobalSection(ProjectConfigurationPlatforms) = postSolution
		{B84EA110-A4C2-4AF4-9D0E-CEB528FDE6AD}.Debug|Any CPU.ActiveCfg = Debug|Any CPU
		{B84EA110-A4C2-4AF4-9D0E-CEB528FDE6AD}.Debug|Any CPU.Build.0 = Debug|Any CPU
		{B84EA110-A4C2-4AF4-9D0E-CEB528FDE6AD}.Release|Any CPU.ActiveCfg = Release|Any CPU
		{B84EA110-A4C2-4AF4-9D0E-CEB528FDE6AD}.Release|Any CPU.Build.0 = Release|Any CPU
		{7FD54EA6-557A-40C6-A625-4CBE198D6639}.Debug|Any CPU.ActiveCfg = Debug|Any CPU
		{7FD54EA6-557A-40C6-A625-4CBE198D6639}.Debug|Any CPU.Build.0 = Debug|Any CPU
		{7FD54EA6-557A-40C6-A625-4CBE198D6639}.Release|Any CPU.ActiveCfg = Release|Any CPU
		{7FD54EA6-557A-40C6-A625-4CBE198D6639}.Release|Any CPU.Build.0 = Release|Any CPU
		{642BE5AF-FAEB-4D23-BA6D-66EB8E2C324E}.Debug|Any CPU.ActiveCfg = Debug|Any CPU
		{642BE5AF-FAEB-4D23-BA6D-66EB8E2C324E}.Debug|Any CPU.Build.0 = Debug|Any CPU
		{642BE5AF-FAEB-4D23-BA6D-66EB8E2C324E}.Release|Any CPU.ActiveCfg = Release|Any CPU
		{642BE5AF-FAEB-4D23-BA6D-66EB8E2C324E}.Release|Any CPU.Build.0 = Release|Any CPU
		{254AE34D-8946-4861-8149-447CDF646773}.Debug|Any CPU.ActiveCfg = Debug|Any CPU
		{254AE34D-8946-4861-8149-447CDF646773}.Debug|Any CPU.Build.0 = Debug|Any CPU
		{254AE34D-8946-4861-8149-447CDF646773}.Release|Any CPU.ActiveCfg = Release|Any CPU
		{254AE34D-8946-4861-8149-447CDF646773}.Release|Any CPU.Build.0 = Release|Any CPU
		{13CE64AB-601A-4F20-9938-DB570F877494}.Debug|Any CPU.ActiveCfg = Debug|Any CPU
		{13CE64AB-601A-4F20-9938-DB570F877494}.Debug|Any CPU.Build.0 = Debug|Any CPU
		{13CE64AB-601A-4F20-9938-DB570F877494}.Release|Any CPU.ActiveCfg = Release|Any CPU
		{13CE64AB-601A-4F20-9938-DB570F877494}.Release|Any CPU.Build.0 = Release|Any CPU
	EndGlobalSection
	GlobalSection(SolutionProperties) = preSolution
		HideSolutionNode = FALSE
	EndGlobalSection
	GlobalSection(ExtensibilityGlobals) = postSolution
		SolutionGuid = {5C7B95DF-4663-455D-9FAE-2B03B0CAE057}
	EndGlobalSection
EndGlobal
